// !$*UTF8*$!
{
	archiveVersion = 1;
	classes = {
	};
	objectVersion = 55;
	objects = {

/* Begin PBXBuildFile section */
		EFC2DB1D276041FB00E051A1 /* SwiftConnectApp.swift in Sources */ = {isa = PBXBuildFile; fileRef = EFC2DB1C276041FB00E051A1 /* SwiftConnectApp.swift */; };
		EFC2DB1F276041FB00E051A1 /* ContentView.swift in Sources */ = {isa = PBXBuildFile; fileRef = EFC2DB1E276041FB00E051A1 /* ContentView.swift */; };
		EFC2DB21276041FC00E051A1 /* Assets.xcassets in Resources */ = {isa = PBXBuildFile; fileRef = EFC2DB20276041FC00E051A1 /* Assets.xcassets */; };
		EFC2DB24276041FC00E051A1 /* Preview Assets.xcassets in Resources */ = {isa = PBXBuildFile; fileRef = EFC2DB23276041FC00E051A1 /* Preview Assets.xcassets */; };
		EFC2DB2C2760527800E051A1 /* VPNUtils.swift in Sources */ = {isa = PBXBuildFile; fileRef = EFC2DB2B2760527800E051A1 /* VPNUtils.swift */; };
		EFC2DB312760563400E051A1 /* SwiftShell in Frameworks */ = {isa = PBXBuildFile; productRef = EFC2DB302760563400E051A1 /* SwiftShell */; };
		EFC2DB352760939300E051A1 /* AppDelegate.swift in Sources */ = {isa = PBXBuildFile; fileRef = EFC2DB342760939300E051A1 /* AppDelegate.swift */; };
/* End PBXBuildFile section */

/* Begin PBXFileReference section */
		EFC2DB19276041FB00E051A1 /* SwiftConnect.app */ = {isa = PBXFileReference; explicitFileType = wrapper.application; includeInIndex = 0; path = SwiftConnect.app; sourceTree = BUILT_PRODUCTS_DIR; };
		EFC2DB1C276041FB00E051A1 /* SwiftConnectApp.swift */ = {isa = PBXFileReference; lastKnownFileType = sourcecode.swift; path = SwiftConnectApp.swift; sourceTree = "<group>"; };
		EFC2DB1E276041FB00E051A1 /* ContentView.swift */ = {isa = PBXFileReference; lastKnownFileType = sourcecode.swift; path = ContentView.swift; sourceTree = "<group>"; };
		EFC2DB20276041FC00E051A1 /* Assets.xcassets */ = {isa = PBXFileReference; lastKnownFileType = folder.assetcatalog; path = Assets.xcassets; sourceTree = "<group>"; };
		EFC2DB23276041FC00E051A1 /* Preview Assets.xcassets */ = {isa = PBXFileReference; lastKnownFileType = folder.assetcatalog; path = "Preview Assets.xcassets"; sourceTree = "<group>"; };
		EFC2DB25276041FC00E051A1 /* SwiftConnect.entitlements */ = {isa = PBXFileReference; lastKnownFileType = text.plist.entitlements; path = SwiftConnect.entitlements; sourceTree = "<group>"; };
		EFC2DB2B2760527800E051A1 /* VPNUtils.swift */ = {isa = PBXFileReference; lastKnownFileType = sourcecode.swift; path = VPNUtils.swift; sourceTree = "<group>"; };
		EFC2DB332760936600E051A1 /* SwiftConnectDebug.entitlements */ = {isa = PBXFileReference; lastKnownFileType = text.plist.entitlements; path = SwiftConnectDebug.entitlements; sourceTree = "<group>"; };
		EFC2DB342760939300E051A1 /* AppDelegate.swift */ = {isa = PBXFileReference; lastKnownFileType = sourcecode.swift; path = AppDelegate.swift; sourceTree = "<group>"; };
/* End PBXFileReference section */

/* Begin PBXFrameworksBuildPhase section */
		EFC2DB16276041FB00E051A1 /* Frameworks */ = {
			isa = PBXFrameworksBuildPhase;
			buildActionMask = 2147483647;
			files = (
				EFC2DB312760563400E051A1 /* SwiftShell in Frameworks */,
			);
			runOnlyForDeploymentPostprocessing = 0;
		};
/* End PBXFrameworksBuildPhase section */

/* Begin PBXGroup section */
		EFC2DB10276041FB00E051A1 = {
			isa = PBXGroup;
			children = (
				EFC2DB1B276041FB00E051A1 /* SwiftConnect */,
				EFC2DB1A276041FB00E051A1 /* Products */,
			);
			sourceTree = "<group>";
		};
		EFC2DB1A276041FB00E051A1 /* Products */ = {
			isa = PBXGroup;
			children = (
				EFC2DB19276041FB00E051A1 /* SwiftConnect.app */,
			);
			name = Products;
			sourceTree = "<group>";
		};
		EFC2DB1B276041FB00E051A1 /* SwiftConnect */ = {
			isa = PBXGroup;
			children = (
				EFC2DB1C276041FB00E051A1 /* SwiftConnectApp.swift */,
				EFC2DB1E276041FB00E051A1 /* ContentView.swift */,
				EFC2DB2B2760527800E051A1 /* VPNUtils.swift */,
				EFC2DB342760939300E051A1 /* AppDelegate.swift */,
				EFC2DB20276041FC00E051A1 /* Assets.xcassets */,
				EFC2DB25276041FC00E051A1 /* SwiftConnect.entitlements */,
				EFC2DB332760936600E051A1 /* SwiftConnectDebug.entitlements */,
				EFC2DB22276041FC00E051A1 /* Preview Content */,
			);
			path = SwiftConnect;
			sourceTree = "<group>";
		};
		EFC2DB22276041FC00E051A1 /* Preview Content */ = {
			isa = PBXGroup;
			children = (
				EFC2DB23276041FC00E051A1 /* Preview Assets.xcassets */,
			);
			path = "Preview Content";
			sourceTree = "<group>";
		};
/* End PBXGroup section */

/* Begin PBXNativeTarget section */
		EFC2DB18276041FB00E051A1 /* SwiftConnect */ = {
			isa = PBXNativeTarget;
			buildConfigurationList = EFC2DB28276041FC00E051A1 /* Build configuration list for PBXNativeTarget "SwiftConnect" */;
			buildPhases = (
				EFC2DB15276041FB00E051A1 /* Sources */,
				EFC2DB16276041FB00E051A1 /* Frameworks */,
				EFC2DB17276041FB00E051A1 /* Resources */,
			);
			buildRules = (
			);
			dependencies = (
			);
			name = SwiftConnect;
			packageProductDependencies = (
				EFC2DB302760563400E051A1 /* SwiftShell */,
			);
			productName = SwiftConnect;
			productReference = EFC2DB19276041FB00E051A1 /* SwiftConnect.app */;
			productType = "com.apple.product-type.application";
		};
/* End PBXNativeTarget section */

/* Begin PBXProject section */
		EFC2DB11276041FB00E051A1 /* Project object */ = {
			isa = PBXProject;
			attributes = {
				BuildIndependentTargetsInParallel = 1;
				LastSwiftUpdateCheck = 1310;
				LastUpgradeCheck = 1320;
				TargetAttributes = {
					EFC2DB18276041FB00E051A1 = {
						CreatedOnToolsVersion = 13.1;
					};
				};
			};
			buildConfigurationList = EFC2DB14276041FB00E051A1 /* Build configuration list for PBXProject "SwiftConnect" */;
			compatibilityVersion = "Xcode 13.0";
			developmentRegion = en;
			hasScannedForEncodings = 0;
			knownRegions = (
				en,
				Base,
			);
			mainGroup = EFC2DB10276041FB00E051A1;
			packageReferences = (
				EFC2DB2F2760563400E051A1 /* XCRemoteSwiftPackageReference "SwiftShell" */,
			);
			productRefGroup = EFC2DB1A276041FB00E051A1 /* Products */;
			projectDirPath = "";
			projectRoot = "";
			targets = (
				EFC2DB18276041FB00E051A1 /* SwiftConnect */,
			);
		};
/* End PBXProject section */

/* Begin PBXResourcesBuildPhase section */
		EFC2DB17276041FB00E051A1 /* Resources */ = {
			isa = PBXResourcesBuildPhase;
			buildActionMask = 2147483647;
			files = (
				EFC2DB24276041FC00E051A1 /* Preview Assets.xcassets in Resources */,
				EFC2DB21276041FC00E051A1 /* Assets.xcassets in Resources */,
			);
			runOnlyForDeploymentPostprocessing = 0;
		};
/* End PBXResourcesBuildPhase section */

/* Begin PBXSourcesBuildPhase section */
		EFC2DB15276041FB00E051A1 /* Sources */ = {
			isa = PBXSourcesBuildPhase;
			buildActionMask = 2147483647;
			files = (
				EFC2DB352760939300E051A1 /* AppDelegate.swift in Sources */,
				EFC2DB1F276041FB00E051A1 /* ContentView.swift in Sources */,
				EFC2DB1D276041FB00E051A1 /* SwiftConnectApp.swift in Sources */,
				EFC2DB2C2760527800E051A1 /* VPNUtils.swift in Sources */,
			);
			runOnlyForDeploymentPostprocessing = 0;
		};
/* End PBXSourcesBuildPhase section */

/* Begin XCBuildConfiguration section */
		EFC2DB26276041FC00E051A1 /* Debug */ = {
			isa = XCBuildConfiguration;
			buildSettings = {
				ALWAYS_SEARCH_USER_PATHS = NO;
				CLANG_ANALYZER_NONNULL = YES;
				CLANG_ANALYZER_NUMBER_OBJECT_CONVERSION = YES_AGGRESSIVE;
				CLANG_CXX_LANGUAGE_STANDARD = "gnu++17";
				CLANG_CXX_LIBRARY = "libc++";
				CLANG_ENABLE_MODULES = YES;
				CLANG_ENABLE_OBJC_ARC = YES;
				CLANG_ENABLE_OBJC_WEAK = YES;
				CLANG_WARN_BLOCK_CAPTURE_AUTORELEASING = YES;
				CLANG_WARN_BOOL_CONVERSION = YES;
				CLANG_WARN_COMMA = YES;
				CLANG_WARN_CONSTANT_CONVERSION = YES;
				CLANG_WARN_DEPRECATED_OBJC_IMPLEMENTATIONS = YES;
				CLANG_WARN_DIRECT_OBJC_ISA_USAGE = YES_ERROR;
				CLANG_WARN_DOCUMENTATION_COMMENTS = YES;
				CLANG_WARN_EMPTY_BODY = YES;
				CLANG_WARN_ENUM_CONVERSION = YES;
				CLANG_WARN_INFINITE_RECURSION = YES;
				CLANG_WARN_INT_CONVERSION = YES;
				CLANG_WARN_NON_LITERAL_NULL_CONVERSION = YES;
				CLANG_WARN_OBJC_IMPLICIT_RETAIN_SELF = YES;
				CLANG_WARN_OBJC_LITERAL_CONVERSION = YES;
				CLANG_WARN_OBJC_ROOT_CLASS = YES_ERROR;
				CLANG_WARN_QUOTED_INCLUDE_IN_FRAMEWORK_HEADER = YES;
				CLANG_WARN_RANGE_LOOP_ANALYSIS = YES;
				CLANG_WARN_STRICT_PROTOTYPES = YES;
				CLANG_WARN_SUSPICIOUS_MOVE = YES;
				CLANG_WARN_UNGUARDED_AVAILABILITY = YES_AGGRESSIVE;
				CLANG_WARN_UNREACHABLE_CODE = YES;
				CLANG_WARN__DUPLICATE_METHOD_MATCH = YES;
				COPY_PHASE_STRIP = NO;
				DEBUG_INFORMATION_FORMAT = dwarf;
				ENABLE_STRICT_OBJC_MSGSEND = YES;
				ENABLE_TESTABILITY = YES;
				GCC_C_LANGUAGE_STANDARD = gnu11;
				GCC_DYNAMIC_NO_PIC = NO;
				GCC_NO_COMMON_BLOCKS = YES;
				GCC_OPTIMIZATION_LEVEL = 0;
				GCC_PREPROCESSOR_DEFINITIONS = (
					"DEBUG=1",
					"$(inherited)",
				);
				GCC_WARN_64_TO_32_BIT_CONVERSION = YES;
				GCC_WARN_ABOUT_RETURN_TYPE = YES_ERROR;
				GCC_WARN_UNDECLARED_SELECTOR = YES;
				GCC_WARN_UNINITIALIZED_AUTOS = YES_AGGRESSIVE;
				GCC_WARN_UNUSED_FUNCTION = YES;
				GCC_WARN_UNUSED_VARIABLE = YES;
				MACOSX_DEPLOYMENT_TARGET = 12.0;
				MTL_ENABLE_DEBUG_INFO = INCLUDE_SOURCE;
				MTL_FAST_MATH = YES;
				ONLY_ACTIVE_ARCH = YES;
				SDKROOT = macosx;
				SWIFT_ACTIVE_COMPILATION_CONDITIONS = DEBUG;
				SWIFT_OPTIMIZATION_LEVEL = "-Onone";
			};
			name = Debug;
		};
		EFC2DB27276041FC00E051A1 /* Release */ = {
			isa = XCBuildConfiguration;
			buildSettings = {
				ALWAYS_SEARCH_USER_PATHS = NO;
				CLANG_ANALYZER_NONNULL = YES;
				CLANG_ANALYZER_NUMBER_OBJECT_CONVERSION = YES_AGGRESSIVE;
				CLANG_CXX_LANGUAGE_STANDARD = "gnu++17";
				CLANG_CXX_LIBRARY = "libc++";
				CLANG_ENABLE_MODULES = YES;
				CLANG_ENABLE_OBJC_ARC = YES;
				CLANG_ENABLE_OBJC_WEAK = YES;
				CLANG_WARN_BLOCK_CAPTURE_AUTORELEASING = YES;
				CLANG_WARN_BOOL_CONVERSION = YES;
				CLANG_WARN_COMMA = YES;
				CLANG_WARN_CONSTANT_CONVERSION = YES;
				CLANG_WARN_DEPRECATED_OBJC_IMPLEMENTATIONS = YES;
				CLANG_WARN_DIRECT_OBJC_ISA_USAGE = YES_ERROR;
				CLANG_WARN_DOCUMENTATION_COMMENTS = YES;
				CLANG_WARN_EMPTY_BODY = YES;
				CLANG_WARN_ENUM_CONVERSION = YES;
				CLANG_WARN_INFINITE_RECURSION = YES;
				CLANG_WARN_INT_CONVERSION = YES;
				CLANG_WARN_NON_LITERAL_NULL_CONVERSION = YES;
				CLANG_WARN_OBJC_IMPLICIT_RETAIN_SELF = YES;
				CLANG_WARN_OBJC_LITERAL_CONVERSION = YES;
				CLANG_WARN_OBJC_ROOT_CLASS = YES_ERROR;
				CLANG_WARN_QUOTED_INCLUDE_IN_FRAMEWORK_HEADER = YES;
				CLANG_WARN_RANGE_LOOP_ANALYSIS = YES;
				CLANG_WARN_STRICT_PROTOTYPES = YES;
				CLANG_WARN_SUSPICIOUS_MOVE = YES;
				CLANG_WARN_UNGUARDED_AVAILABILITY = YES_AGGRESSIVE;
				CLANG_WARN_UNREACHABLE_CODE = YES;
				CLANG_WARN__DUPLICATE_METHOD_MATCH = YES;
				COPY_PHASE_STRIP = NO;
				DEBUG_INFORMATION_FORMAT = "dwarf-with-dsym";
				ENABLE_NS_ASSERTIONS = NO;
				ENABLE_STRICT_OBJC_MSGSEND = YES;
				GCC_C_LANGUAGE_STANDARD = gnu11;
				GCC_NO_COMMON_BLOCKS = YES;
				GCC_WARN_64_TO_32_BIT_CONVERSION = YES;
				GCC_WARN_ABOUT_RETURN_TYPE = YES_ERROR;
				GCC_WARN_UNDECLARED_SELECTOR = YES;
				GCC_WARN_UNINITIALIZED_AUTOS = YES_AGGRESSIVE;
				GCC_WARN_UNUSED_FUNCTION = YES;
				GCC_WARN_UNUSED_VARIABLE = YES;
				MACOSX_DEPLOYMENT_TARGET = 12.0;
				MTL_ENABLE_DEBUG_INFO = NO;
				MTL_FAST_MATH = YES;
				SDKROOT = macosx;
				SWIFT_COMPILATION_MODE = wholemodule;
				SWIFT_OPTIMIZATION_LEVEL = "-O";
			};
			name = Release;
		};
		EFC2DB29276041FC00E051A1 /* Debug */ = {
			isa = XCBuildConfiguration;
			buildSettings = {
				ASSETCATALOG_COMPILER_APPICON_NAME = AppIcon;
				ASSETCATALOG_COMPILER_GLOBAL_ACCENT_COLOR_NAME = AccentColor;
				CODE_SIGN_ENTITLEMENTS = SwiftConnect/SwiftConnectDebug.entitlements;
				CODE_SIGN_IDENTITY = "Apple Development";
				CODE_SIGN_STYLE = Automatic;
				COMBINE_HIDPI_IMAGES = YES;
				CURRENT_PROJECT_VERSION = 1;
				DEVELOPMENT_ASSET_PATHS = "\"SwiftConnect/Preview Content\"";
				DEVELOPMENT_TEAM = WQC8YD9NM9;
				ENABLE_HARDENED_RUNTIME = NO;
				ENABLE_PREVIEWS = YES;
				GENERATE_INFOPLIST_FILE = YES;
				INFOPLIST_KEY_LSApplicationCategoryType = "public.app-category.utilities";
				INFOPLIST_KEY_NSHumanReadableCopyright = "";
				LD_RUNPATH_SEARCH_PATHS = (
					"$(inherited)",
					"@executable_path/../Frameworks",
				);
				MARKETING_VERSION = 0.3;
				PRODUCT_BUNDLE_IDENTIFIER = me.wenyu.SwiftConnect;
				PRODUCT_NAME = "$(TARGET_NAME)";
				SWIFT_EMIT_LOC_STRINGS = YES;
				SWIFT_VERSION = 5.0;
			};
			name = Debug;
		};
		EFC2DB2A276041FC00E051A1 /* Release */ = {
			isa = XCBuildConfiguration;
			buildSettings = {
				ASSETCATALOG_COMPILER_APPICON_NAME = AppIcon;
				ASSETCATALOG_COMPILER_GLOBAL_ACCENT_COLOR_NAME = AccentColor;
				CODE_SIGN_ENTITLEMENTS = SwiftConnect/SwiftConnect.entitlements;
				CODE_SIGN_IDENTITY = "Apple Development";
				CODE_SIGN_STYLE = Automatic;
				COMBINE_HIDPI_IMAGES = YES;
				CURRENT_PROJECT_VERSION = 1;
				DEVELOPMENT_ASSET_PATHS = "\"SwiftConnect/Preview Content\"";
				DEVELOPMENT_TEAM = WQC8YD9NM9;
				ENABLE_HARDENED_RUNTIME = NO;
				ENABLE_PREVIEWS = YES;
				GENERATE_INFOPLIST_FILE = YES;
				INFOPLIST_KEY_LSApplicationCategoryType = "public.app-category.utilities";
				INFOPLIST_KEY_NSHumanReadableCopyright = "";
				LD_RUNPATH_SEARCH_PATHS = (
					"$(inherited)",
					"@executable_path/../Frameworks",
				);
				MARKETING_VERSION = 0.3;
				PRODUCT_BUNDLE_IDENTIFIER = me.wenyu.SwiftConnect;
				PRODUCT_NAME = "$(TARGET_NAME)";
				SWIFT_EMIT_LOC_STRINGS = YES;
				SWIFT_VERSION = 5.0;
			};
			name = Release;
		};
/* End XCBuildConfiguration section */

/* Begin XCConfigurationList section */
		EFC2DB14276041FB00E051A1 /* Build configuration list for PBXProject "SwiftConnect" */ = {
			isa = XCConfigurationList;
			buildConfigurations = (
				EFC2DB26276041FC00E051A1 /* Debug */,
				EFC2DB27276041FC00E051A1 /* Release */,
			);
			defaultConfigurationIsVisible = 0;
			defaultConfigurationName = Release;
		};
		EFC2DB28276041FC00E051A1 /* Build configuration list for PBXNativeTarget "SwiftConnect" */ = {
			isa = XCConfigurationList;
			buildConfigurations = (
				EFC2DB29276041FC00E051A1 /* Debug */,
				EFC2DB2A276041FC00E051A1 /* Release */,
			);
			defaultConfigurationIsVisible = 0;
			defaultConfigurationName = Release;
		};
/* End XCConfigurationList section */

/* Begin XCRemoteSwiftPackageReference section */
		EFC2DB2F2760563400E051A1 /* XCRemoteSwiftPackageReference "SwiftShell" */ = {
			isa = XCRemoteSwiftPackageReference;
			repositoryURL = "https://github.com/kareman/SwiftShell";
			requirement = {
				branch = master;
				kind = branch;
			};
		};
/* End XCRemoteSwiftPackageReference section */

/* Begin XCSwiftPackageProductDependency section */
		EFC2DB302760563400E051A1 /* SwiftShell */ = {
			isa = XCSwiftPackageProductDependency;
			package = EFC2DB2F2760563400E051A1 /* XCRemoteSwiftPackageReference "SwiftShell" */;
			productName = SwiftShell;
		};
/* End XCSwiftPackageProductDependency section */
	};
	rootObject = EFC2DB11276041FB00E051A1 /* Project object */;
}
